
Microsoft Visual Studio Solution File, Format Version 12.00
# Visual Studio Version 16
VisualStudioVersion = 16.0.31605.320
MinimumVisualStudioVersion = 10.0.40219.1
Project("{FAE04EC0-301F-11D3-BF4B-00C04F79EFBC}") = "Console261", "Console261.csproj", "{1D946D5F-C110-4F8E-8BB3-9E92C50F222A}"
EndProject
Global
	GlobalSection(SolutionConfigurationPlatforms) = preSolution
		Debug|Any CPU = Debug|Any CPU
		Release|Any CPU = Release|Any CPU
	EndGlobalSection
	GlobalSection(ProjectConfigurationPlatforms) = postSolution
		{1D946D5F-C110-4F8E-8BB3-9E92C50F222A}.Debug|Any CPU.ActiveCfg = Debug|Any CPU
		{1D946D5F-C110-4F8E-8BB3-9E92C50F222A}.Debug|Any CPU.Build.0 = Debug|Any CPU
		{1D946D5F-C110-4F8E-8BB3-9E92C50F222A}.Release|Any CPU.ActiveCfg = Release|Any CPU
		{1D946D5F-C110-4F8E-8BB3-9E92C50F222A}.Release|Any CPU.Build.0 = Release|Any CPU
	EndGlobalSection
	GlobalSection(SolutionProperties) = preSolution
		HideSolutionNode = FALSE
	EndGlobalSection
	GlobalSection(ExtensibilityGlobals) = postSolution
		SolutionGuid = {CD7D6B6B-2265-47B2-9308-8977B430277C}
	EndGlobalSection
EndGlobal
